
Microsoft Visual Studio Solution File, Format Version 12.00
# Visual Studio Version 17
VisualStudioVersion = 17.5.002.0
MinimumVisualStudioVersion = 10.0.40219.1
Project("{9A19103F-16F7-4668-BE54-9A1E7A4F7556}") = "CreateInstance", "CreateInstance.csproj", "{73E0C8D9-CF60-410D-A68C-B290EF1B925E}"
EndProject
Global
	GlobalSection(SolutionConfigurationPlatforms) = preSolution
		Debug|Any CPU = Debug|Any CPU
		Release|Any CPU = Release|Any CPU
	EndGlobalSection
	GlobalSection(ProjectConfigurationPlatforms) = postSolution
		{73E0C8D9-CF60-410D-A68C-B290EF1B925E}.Debug|Any CPU.ActiveCfg = Debug|Any CPU
		{73E0C8D9-CF60-410D-A68C-B290EF1B925E}.Debug|Any CPU.Build.0 = Debug|Any CPU
		{73E0C8D9-CF60-410D-A68C-B290EF1B925E}.Release|Any CPU.ActiveCfg = Release|Any CPU
		{73E0C8D9-CF60-410D-A68C-B290EF1B925E}.Release|Any CPU.Build.0 = Release|Any CPU
	EndGlobalSection
	GlobalSection(SolutionProperties) = preSolution
		HideSolutionNode = FALSE
	EndGlobalSection
	GlobalSection(ExtensibilityGlobals) = postSolution
		SolutionGuid = {3D62B121-0280-4F6F-A9F9-6317D18229EF}
	EndGlobalSection
EndGlobal
